
Microsoft Visual Studio Solution File, Format Version 12.00
# Visual Studio 15
VisualStudioVersion = 15.0.28307.902
MinimumVisualStudioVersion = 10.0.40219.1
Project("{FAE04EC0-301F-11D3-BF4B-00C04F79EFBC}") = "SOP_WCF", "SOP_WCF\SOP_WCF.csproj", "{ECD5AFFE-D97C-47F5-8B71-299AB843CE27}"
EndProject
Project("{FAE04EC0-301F-11D3-BF4B-00C04F79EFBC}") = "WCF_HOST", "WCF_HOST\WCF_HOST.csproj", "{EBDC0A19-84C8-400F-BD88-481936CD36EF}"
	ProjectSection(ProjectDependencies) = postProject
		{ECD5AFFE-D97C-47F5-8B71-299AB843CE27} = {ECD5AFFE-D97C-47F5-8B71-299AB843CE27}
	EndProjectSection
EndProject
Global
	GlobalSection(SolutionConfigurationPlatforms) = preSolution
		Debug|Any CPU = Debug|Any CPU
		Release|Any CPU = Release|Any CPU
	EndGlobalSection
	GlobalSection(ProjectConfigurationPlatforms) = postSolution
		{ECD5AFFE-D97C-47F5-8B71-299AB843CE27}.Debug|Any CPU.ActiveCfg = Debug|Any CPU
		{ECD5AFFE-D97C-47F5-8B71-299AB843CE27}.Debug|Any CPU.Build.0 = Debug|Any CPU
		{ECD5AFFE-D97C-47F5-8B71-299AB843CE27}.Release|Any CPU.ActiveCfg = Release|Any CPU
		{ECD5AFFE-D97C-47F5-8B71-299AB843CE27}.Release|Any CPU.Build.0 = Release|Any CPU
		{EBDC0A19-84C8-400F-BD88-481936CD36EF}.Debug|Any CPU.ActiveCfg = Debug|Any CPU
		{EBDC0A19-84C8-400F-BD88-481936CD36EF}.Debug|Any CPU.Build.0 = Debug|Any CPU
		{EBDC0A19-84C8-400F-BD88-481936CD36EF}.Release|Any CPU.ActiveCfg = Release|Any CPU
		{EBDC0A19-84C8-400F-BD88-481936CD36EF}.Release|Any CPU.Build.0 = Release|Any CPU
	EndGlobalSection
	GlobalSection(SolutionProperties) = preSolution
		HideSolutionNode = FALSE
	EndGlobalSection
	GlobalSection(ExtensibilityGlobals) = postSolution
		SolutionGuid = {580F3C72-9012-462A-8F93-1D4D679C8419}
	EndGlobalSection
EndGlobal
