
Microsoft Visual Studio Solution File, Format Version 12.00
# Visual Studio 15
VisualStudioVersion = 15.0.28307.902
MinimumVisualStudioVersion = 10.0.40219.1
Project("{FAE04EC0-301F-11D3-BF4B-00C04F79EFBC}") = "CLIENT", "CLIENT\CLIENT.csproj", "{FF49B0A1-8082-4036-9A10-9F47CB91B6E7}"
EndProject
Global
	GlobalSection(SolutionConfigurationPlatforms) = preSolution
		Debug|Any CPU = Debug|Any CPU
		Release|Any CPU = Release|Any CPU
	EndGlobalSection
	GlobalSection(ProjectConfigurationPlatforms) = postSolution
		{FF49B0A1-8082-4036-9A10-9F47CB91B6E7}.Debug|Any CPU.ActiveCfg = Debug|Any CPU
		{FF49B0A1-8082-4036-9A10-9F47CB91B6E7}.Debug|Any CPU.Build.0 = Debug|Any CPU
		{FF49B0A1-8082-4036-9A10-9F47CB91B6E7}.Release|Any CPU.ActiveCfg = Release|Any CPU
		{FF49B0A1-8082-4036-9A10-9F47CB91B6E7}.Release|Any CPU.Build.0 = Release|Any CPU
	EndGlobalSection
	GlobalSection(SolutionProperties) = preSolution
		HideSolutionNode = FALSE
	EndGlobalSection
	GlobalSection(ExtensibilityGlobals) = postSolution
		SolutionGuid = {6483BA12-D07D-4EF4-A7BD-5F4B07965C4B}
	EndGlobalSection
EndGlobal
